// !$*UTF8*$!
{
	archiveVersion = 1;
	classes = {
	};
	objectVersion = 50;
	objects = {

/* Begin PBXBuildFile section */
		045130F92211532300850E8C /* AppDelegate.m in Sources */ = {isa = PBXBuildFile; fileRef = 045130F82211532300850E8C /* AppDelegate.m */; };
		045130FC2211532300850E8C /* ViewController.m in Sources */ = {isa = PBXBuildFile; fileRef = 045130FB2211532300850E8C /* ViewController.m */; };
		045130FF2211532300850E8C /* Main.storyboard in Resources */ = {isa = PBXBuildFile; fileRef = 045130FD2211532300850E8C /* Main.storyboard */; };
		045131012211532600850E8C /* Assets.xcassets in Resources */ = {isa = PBXBuildFile; fileRef = 045131002211532600850E8C /* Assets.xcassets */; };
		045131042211532600850E8C /* LaunchScreen.storyboard in Resources */ = {isa = PBXBuildFile; fileRef = 045131022211532600850E8C /* LaunchScreen.storyboard */; };
		045131072211532600850E8C /* main.m in Sources */ = {isa = PBXBuildFile; fileRef = 045131062211532600850E8C /* main.m */; };
		045131112211532700850E8C /* Spec_RepoTests.m in Sources */ = {isa = PBXBuildFile; fileRef = 045131102211532700850E8C /* Spec_RepoTests.m */; };
		0451311C2211532700850E8C /* Spec_RepoUITests.m in Sources */ = {isa = PBXBuildFile; fileRef = 0451311B2211532700850E8C /* Spec_RepoUITests.m */; };
/* End PBXBuildFile section */

/* Begin PBXContainerItemProxy section */
		0451310D2211532700850E8C /* PBXContainerItemProxy */ = {
			isa = PBXContainerItemProxy;
			containerPortal = 045130EC2211532300850E8C /* Project object */;
			proxyType = 1;
			remoteGlobalIDString = 045130F32211532300850E8C;
			remoteInfo = "Spec-Repo";
		};
		045131182211532700850E8C /* PBXContainerItemProxy */ = {
			isa = PBXContainerItemProxy;
			containerPortal = 045130EC2211532300850E8C /* Project object */;
			proxyType = 1;
			remoteGlobalIDString = 045130F32211532300850E8C;
			remoteInfo = "Spec-Repo";
		};
/* End PBXContainerItemProxy section */

/* Begin PBXFileReference section */
		045130F42211532300850E8C /* Spec-Repo.app */ = {isa = PBXFileReference; explicitFileType = wrapper.application; includeInIndex = 0; path = "Spec-Repo.app"; sourceTree = BUILT_PRODUCTS_DIR; };
		045130F72211532300850E8C /* AppDelegate.h */ = {isa = PBXFileReference; lastKnownFileType = sourcecode.c.h; path = AppDelegate.h; sourceTree = "<group>"; };
		045130F82211532300850E8C /* AppDelegate.m */ = {isa = PBXFileReference; lastKnownFileType = sourcecode.c.objc; path = AppDelegate.m; sourceTree = "<group>"; };
		045130FA2211532300850E8C /* ViewController.h */ = {isa = PBXFileReference; lastKnownFileType = sourcecode.c.h; path = ViewController.h; sourceTree = "<group>"; };
		045130FB2211532300850E8C /* ViewController.m */ = {isa = PBXFileReference; lastKnownFileType = sourcecode.c.objc; path = ViewController.m; sourceTree = "<group>"; };
		045130FE2211532300850E8C /* Base */ = {isa = PBXFileReference; lastKnownFileType = file.storyboard; name = Base; path = Base.lproj/Main.storyboard; sourceTree = "<group>"; };
		045131002211532600850E8C /* Assets.xcassets */ = {isa = PBXFileReference; lastKnownFileType = folder.assetcatalog; path = Assets.xcassets; sourceTree = "<group>"; };
		045131032211532600850E8C /* Base */ = {isa = PBXFileReference; lastKnownFileType = file.storyboard; name = Base; path = Base.lproj/LaunchScreen.storyboard; sourceTree = "<group>"; };
		045131052211532600850E8C /* Info.plist */ = {isa = PBXFileReference; lastKnownFileType = text.plist.xml; path = Info.plist; sourceTree = "<group>"; };
		045131062211532600850E8C /* main.m */ = {isa = PBXFileReference; lastKnownFileType = sourcecode.c.objc; path = main.m; sourceTree = "<group>"; };
		0451310C2211532700850E8C /* Spec-RepoTests.xctest */ = {isa = PBXFileReference; explicitFileType = wrapper.cfbundle; includeInIndex = 0; path = "Spec-RepoTests.xctest"; sourceTree = BUILT_PRODUCTS_DIR; };
		045131102211532700850E8C /* Spec_RepoTests.m */ = {isa = PBXFileReference; lastKnownFileType = sourcecode.c.objc; path = Spec_RepoTests.m; sourceTree = "<group>"; };
		045131122211532700850E8C /* Info.plist */ = {isa = PBXFileReference; lastKnownFileType = text.plist.xml; path = Info.plist; sourceTree = "<group>"; };
		045131172211532700850E8C /* Spec-RepoUITests.xctest */ = {isa = PBXFileReference; explicitFileType = wrapper.cfbundle; includeInIndex = 0; path = "Spec-RepoUITests.xctest"; sourceTree = BUILT_PRODUCTS_DIR; };
		0451311B2211532700850E8C /* Spec_RepoUITests.m */ = {isa = PBXFileReference; lastKnownFileType = sourcecode.c.objc; path = Spec_RepoUITests.m; sourceTree = "<group>"; };
		0451311D2211532700850E8C /* Info.plist */ = {isa = PBXFileReference; lastKnownFileType = text.plist.xml; path = Info.plist; sourceTree = "<group>"; };
/* End PBXFileReference section */

/* Begin PBXFrameworksBuildPhase section */
		045130F12211532300850E8C /* Frameworks */ = {
			isa = PBXFrameworksBuildPhase;
			buildActionMask = 2147483647;
			files = (
			);
			runOnlyForDeploymentPostprocessing = 0;
		};
		045131092211532700850E8C /* Frameworks */ = {
			isa = PBXFrameworksBuildPhase;
			buildActionMask = 2147483647;
			files = (
			);
			runOnlyForDeploymentPostprocessing = 0;
		};
		045131142211532700850E8C /* Frameworks */ = {
			isa = PBXFrameworksBuildPhase;
			buildActionMask = 2147483647;
			files = (
			);
			runOnlyForDeploymentPostprocessing = 0;
		};
/* End PBXFrameworksBuildPhase section */

/* Begin PBXGroup section */
		045130EB2211532300850E8C = {
			isa = PBXGroup;
			children = (
				045130F62211532300850E8C /* Spec-Repo */,
				0451310F2211532700850E8C /* Spec-RepoTests */,
				0451311A2211532700850E8C /* Spec-RepoUITests */,
				045130F52211532300850E8C /* Products */,
			);
			sourceTree = "<group>";
		};
		045130F52211532300850E8C /* Products */ = {
			isa = PBXGroup;
			children = (
				045130F42211532300850E8C /* Spec-Repo.app */,
				0451310C2211532700850E8C /* Spec-RepoTests.xctest */,
				045131172211532700850E8C /* Spec-RepoUITests.xctest */,
			);
			name = Products;
			sourceTree = "<group>";
		};
		045130F62211532300850E8C /* Spec-Repo */ = {
			isa = PBXGroup;
			children = (
				045130F72211532300850E8C /* AppDelegate.h */,
				045130F82211532300850E8C /* AppDelegate.m */,
				045130FA2211532300850E8C /* ViewController.h */,
				045130FB2211532300850E8C /* ViewController.m */,
				045130FD2211532300850E8C /* Main.storyboard */,
				045131002211532600850E8C /* Assets.xcassets */,
				045131022211532600850E8C /* LaunchScreen.storyboard */,
				045131052211532600850E8C /* Info.plist */,
				045131062211532600850E8C /* main.m */,
			);
			path = "Spec-Repo";
			sourceTree = "<group>";
		};
		0451310F2211532700850E8C /* Spec-RepoTests */ = {
			isa = PBXGroup;
			children = (
				045131102211532700850E8C /* Spec_RepoTests.m */,
				045131122211532700850E8C /* Info.plist */,
			);
			path = "Spec-RepoTests";
			sourceTree = "<group>";
		};
		0451311A2211532700850E8C /* Spec-RepoUITests */ = {
			isa = PBXGroup;
			children = (
				0451311B2211532700850E8C /* Spec_RepoUITests.m */,
				0451311D2211532700850E8C /* Info.plist */,
			);
			path = "Spec-RepoUITests";
			sourceTree = "<group>";
		};
/* End PBXGroup section */

/* Begin PBXNativeTarget section */
		045130F32211532300850E8C /* Spec-Repo */ = {
			isa = PBXNativeTarget;
			buildConfigurationList = 045131202211532700850E8C /* Build configuration list for PBXNativeTarget "Spec-Repo" */;
			buildPhases = (
				045130F02211532300850E8C /* Sources */,
				045130F12211532300850E8C /* Frameworks */,
				045130F22211532300850E8C /* Resources */,
			);
			buildRules = (
			);
			dependencies = (
			);
			name = "Spec-Repo";
			productName = "Spec-Repo";
			productReference = 045130F42211532300850E8C /* Spec-Repo.app */;
			productType = "com.apple.product-type.application";
		};
		0451310B2211532700850E8C /* Spec-RepoTests */ = {
			isa = PBXNativeTarget;
			buildConfigurationList = 045131232211532700850E8C /* Build configuration list for PBXNativeTarget "Spec-RepoTests" */;
			buildPhases = (
				045131082211532700850E8C /* Sources */,
				045131092211532700850E8C /* Frameworks */,
				0451310A2211532700850E8C /* Resources */,
			);
			buildRules = (
			);
			dependencies = (
				0451310E2211532700850E8C /* PBXTargetDependency */,
			);
			name = "Spec-RepoTests";
			productName = "Spec-RepoTests";
			productReference = 0451310C2211532700850E8C /* Spec-RepoTests.xctest */;
			productType = "com.apple.product-type.bundle.unit-test";
		};
		045131162211532700850E8C /* Spec-RepoUITests */ = {
			isa = PBXNativeTarget;
			buildConfigurationList = 045131262211532700850E8C /* Build configuration list for PBXNativeTarget "Spec-RepoUITests" */;
			buildPhases = (
				045131132211532700850E8C /* Sources */,
				045131142211532700850E8C /* Frameworks */,
				045131152211532700850E8C /* Resources */,
			);
			buildRules = (
			);
			dependencies = (
				045131192211532700850E8C /* PBXTargetDependency */,
			);
			name = "Spec-RepoUITests";
			productName = "Spec-RepoUITests";
			productReference = 045131172211532700850E8C /* Spec-RepoUITests.xctest */;
			productType = "com.apple.product-type.bundle.ui-testing";
		};
/* End PBXNativeTarget section */

/* Begin PBXProject section */
		045130EC2211532300850E8C /* Project object */ = {
			isa = PBXProject;
			attributes = {
				LastUpgradeCheck = 1010;
				ORGANIZATIONNAME = mac;
				TargetAttributes = {
					045130F32211532300850E8C = {
						CreatedOnToolsVersion = 10.1;
					};
					0451310B2211532700850E8C = {
						CreatedOnToolsVersion = 10.1;
						TestTargetID = 045130F32211532300850E8C;
					};
					045131162211532700850E8C = {
						CreatedOnToolsVersion = 10.1;
						TestTargetID = 045130F32211532300850E8C;
					};
				};
			};
			buildConfigurationList = 045130EF2211532300850E8C /* Build configuration list for PBXProject "Spec-Repo" */;
			compatibilityVersion = "Xcode 9.3";
			developmentRegion = en;
			hasScannedForEncodings = 0;
			knownRegions = (
				en,
				Base,
			);
			mainGroup = 045130EB2211532300850E8C;
			productRefGroup = 045130F52211532300850E8C /* Products */;
			projectDirPath = "";
			projectRoot = "";
			targets = (
				045130F32211532300850E8C /* Spec-Repo */,
				0451310B2211532700850E8C /* Spec-RepoTests */,
				045131162211532700850E8C /* Spec-RepoUITests */,
			);
		};
/* End PBXProject section */

/* Begin PBXResourcesBuildPhase section */
		045130F22211532300850E8C /* Resources */ = {
			isa = PBXResourcesBuildPhase;
			buildActionMask = 2147483647;
			files = (
				045131042211532600850E8C /* LaunchScreen.storyboard in Resources */,
				045131012211532600850E8C /* Assets.xcassets in Resources */,
				045130FF2211532300850E8C /* Main.storyboard in Resources */,
			);
			runOnlyForDeploymentPostprocessing = 0;
		};
		0451310A2211532700850E8C /* Resources */ = {
			isa = PBXResourcesBuildPhase;
			buildActionMask = 2147483647;
			files = (
			);
			runOnlyForDeploymentPostprocessing = 0;
		};
		045131152211532700850E8C /* Resources */ = {
			isa = PBXResourcesBuildPhase;
			buildActionMask = 2147483647;
			files = (
			);
			runOnlyForDeploymentPostprocessing = 0;
		};
/* End PBXResourcesBuildPhase section */

/* Begin PBXSourcesBuildPhase section */
		045130F02211532300850E8C /* Sources */ = {
			isa = PBXSourcesBuildPhase;
			buildActionMask = 2147483647;
			files = (
				045130FC2211532300850E8C /* ViewController.m in Sources */,
				045131072211532600850E8C /* main.m in Sources */,
				045130F92211532300850E8C /* AppDelegate.m in Sources */,
			);
			runOnlyForDeploymentPostprocessing = 0;
		};
		045131082211532700850E8C /* Sources */ = {
			isa = PBXSourcesBuildPhase;
			buildActionMask = 2147483647;
			files = (
				045131112211532700850E8C /* Spec_RepoTests.m in Sources */,
			);
			runOnlyForDeploymentPostprocessing = 0;
		};
		045131132211532700850E8C /* Sources */ = {
			isa = PBXSourcesBuildPhase;
			buildActionMask = 2147483647;
			files = (
				0451311C2211532700850E8C /* Spec_RepoUITests.m in Sources */,
			);
			runOnlyForDeploymentPostprocessing = 0;
		};
/* End PBXSourcesBuildPhase section */

/* Begin PBXTargetDependency section */
		0451310E2211532700850E8C /* PBXTargetDependency */ = {
			isa = PBXTargetDependency;
			target = 045130F32211532300850E8C /* Spec-Repo */;
			targetProxy = 0451310D2211532700850E8C /* PBXContainerItemProxy */;
		};
		045131192211532700850E8C /* PBXTargetDependency */ = {
			isa = PBXTargetDependency;
			target = 045130F32211532300850E8C /* Spec-Repo */;
			targetProxy = 045131182211532700850E8C /* PBXContainerItemProxy */;
		};
/* End PBXTargetDependency section */

/* Begin PBXVariantGroup section */
		045130FD2211532300850E8C /* Main.storyboard */ = {
			isa = PBXVariantGroup;
			children = (
				045130FE2211532300850E8C /* Base */,
			);
			name = Main.storyboard;
			sourceTree = "<group>";
		};
		045131022211532600850E8C /* LaunchScreen.storyboard */ = {
			isa = PBXVariantGroup;
			children = (
				045131032211532600850E8C /* Base */,
			);
			name = LaunchScreen.storyboard;
			sourceTree = "<group>";
		};
/* End PBXVariantGroup section */

/* Begin XCBuildConfiguration section */
		0451311E2211532700850E8C /* Debug */ = {
			isa = XCBuildConfiguration;
			buildSettings = {
				ALWAYS_SEARCH_USER_PATHS = NO;
				CLANG_ANALYZER_NONNULL = YES;
				CLANG_ANALYZER_NUMBER_OBJECT_CONVERSION = YES_AGGRESSIVE;
				CLANG_CXX_LANGUAGE_STANDARD = "gnu++14";
				CLANG_CXX_LIBRARY = "libc++";
				CLANG_ENABLE_MODULES = YES;
				CLANG_ENABLE_OBJC_ARC = YES;
				CLANG_ENABLE_OBJC_WEAK = YES;
				CLANG_WARN_BLOCK_CAPTURE_AUTORELEASING = YES;
				CLANG_WARN_BOOL_CONVERSION = YES;
				CLANG_WARN_COMMA = YES;
				CLANG_WARN_CONSTANT_CONVERSION = YES;
				CLANG_WARN_DEPRECATED_OBJC_IMPLEMENTATIONS = YES;
				CLANG_WARN_DIRECT_OBJC_ISA_USAGE = YES_ERROR;
				CLANG_WARN_DOCUMENTATION_COMMENTS = YES;
				CLANG_WARN_EMPTY_BODY = YES;
				CLANG_WARN_ENUM_CONVERSION = YES;
				CLANG_WARN_INFINITE_RECURSION = YES;
				CLANG_WARN_INT_CONVERSION = YES;
				CLANG_WARN_NON_LITERAL_NULL_CONVERSION = YES;
				CLANG_WARN_OBJC_IMPLICIT_RETAIN_SELF = YES;
				CLANG_WARN_OBJC_LITERAL_CONVERSION = YES;
				CLANG_WARN_OBJC_ROOT_CLASS = YES_ERROR;
				CLANG_WARN_RANGE_LOOP_ANALYSIS = YES;
				CLANG_WARN_STRICT_PROTOTYPES = YES;
				CLANG_WARN_SUSPICIOUS_MOVE = YES;
				CLANG_WARN_UNGUARDED_AVAILABILITY = YES_AGGRESSIVE;
				CLANG_WARN_UNREACHABLE_CODE = YES;
				CLANG_WARN__DUPLICATE_METHOD_MATCH = YES;
				CODE_SIGN_IDENTITY = "iPhone Developer";
				COPY_PHASE_STRIP = NO;
				DEBUG_INFORMATION_FORMAT = dwarf;
				ENABLE_STRICT_OBJC_MSGSEND = YES;
				ENABLE_TESTABILITY = YES;
				GCC_C_LANGUAGE_STANDARD = gnu11;
				GCC_DYNAMIC_NO_PIC = NO;
				GCC_NO_COMMON_BLOCKS = YES;
				GCC_OPTIMIZATION_LEVEL = 0;
				GCC_PREPROCESSOR_DEFINITIONS = (
					"DEBUG=1",
					"$(inherited)",
				);
				GCC_WARN_64_TO_32_BIT_CONVERSION = YES;
				GCC_WARN_ABOUT_RETURN_TYPE = YES_ERROR;
				GCC_WARN_UNDECLARED_SELECTOR = YES;
				GCC_WARN_UNINITIALIZED_AUTOS = YES_AGGRESSIVE;
				GCC_WARN_UNUSED_FUNCTION = YES;
				GCC_WARN_UNUSED_VARIABLE = YES;
				IPHONEOS_DEPLOYMENT_TARGET = 12.1;
				MTL_ENABLE_DEBUG_INFO = INCLUDE_SOURCE;
				MTL_FAST_MATH = YES;
				ONLY_ACTIVE_ARCH = YES;
				SDKROOT = iphoneos;
			};
			name = Debug;
		};
		0451311F2211532700850E8C /* Release */ = {
			isa = XCBuildConfiguration;
			buildSettings = {
				ALWAYS_SEARCH_USER_PATHS = NO;
				CLANG_ANALYZER_NONNULL = YES;
				CLANG_ANALYZER_NUMBER_OBJECT_CONVERSION = YES_AGGRESSIVE;
				CLANG_CXX_LANGUAGE_STANDARD = "gnu++14";
				CLANG_CXX_LIBRARY = "libc++";
				CLANG_ENABLE_MODULES = YES;
				CLANG_ENABLE_OBJC_ARC = YES;
				CLANG_ENABLE_OBJC_WEAK = YES;
				CLANG_WARN_BLOCK_CAPTURE_AUTORELEASING = YES;
				CLANG_WARN_BOOL_CONVERSION = YES;
				CLANG_WARN_COMMA = YES;
				CLANG_WARN_CONSTANT_CONVERSION = YES;
				CLANG_WARN_DEPRECATED_OBJC_IMPLEMENTATIONS = YES;
				CLANG_WARN_DIRECT_OBJC_ISA_USAGE = YES_ERROR;
				CLANG_WARN_DOCUMENTATION_COMMENTS = YES;
				CLANG_WARN_EMPTY_BODY = YES;
				CLANG_WARN_ENUM_CONVERSION = YES;
				CLANG_WARN_INFINITE_RECURSION = YES;
				CLANG_WARN_INT_CONVERSION = YES;
				CLANG_WARN_NON_LITERAL_NULL_CONVERSION = YES;
				CLANG_WARN_OBJC_IMPLICIT_RETAIN_SELF = YES;
				CLANG_WARN_OBJC_LITERAL_CONVERSION = YES;
				CLANG_WARN_OBJC_ROOT_CLASS = YES_ERROR;
				CLANG_WARN_RANGE_LOOP_ANALYSIS = YES;
				CLANG_WARN_STRICT_PROTOTYPES = YES;
				CLANG_WARN_SUSPICIOUS_MOVE = YES;
				CLANG_WARN_UNGUARDED_AVAILABILITY = YES_AGGRESSIVE;
				CLANG_WARN_UNREACHABLE_CODE = YES;
				CLANG_WARN__DUPLICATE_METHOD_MATCH = YES;
				CODE_SIGN_IDENTITY = "iPhone Developer";
				COPY_PHASE_STRIP = NO;
				DEBUG_INFORMATION_FORMAT = "dwarf-with-dsym";
				ENABLE_NS_ASSERTIONS = NO;
				ENABLE_STRICT_OBJC_MSGSEND = YES;
				GCC_C_LANGUAGE_STANDARD = gnu11;
				GCC_NO_COMMON_BLOCKS = YES;
				GCC_WARN_64_TO_32_BIT_CONVERSION = YES;
				GCC_WARN_ABOUT_RETURN_TYPE = YES_ERROR;
				GCC_WARN_UNDECLARED_SELECTOR = YES;
				GCC_WARN_UNINITIALIZED_AUTOS = YES_AGGRESSIVE;
				GCC_WARN_UNUSED_FUNCTION = YES;
				GCC_WARN_UNUSED_VARIABLE = YES;
				IPHONEOS_DEPLOYMENT_TARGET = 12.1;
				MTL_ENABLE_DEBUG_INFO = NO;
				MTL_FAST_MATH = YES;
				SDKROOT = iphoneos;
				VALIDATE_PRODUCT = YES;
			};
			name = Release;
		};
		045131212211532700850E8C /* Debug */ = {
			isa = XCBuildConfiguration;
			buildSettings = {
				ASSETCATALOG_COMPILER_APPICON_NAME = AppIcon;
				CODE_SIGN_STYLE = Automatic;
				INFOPLIST_FILE = "Spec-Repo/Info.plist";
				LD_RUNPATH_SEARCH_PATHS = (
					"$(inherited)",
					"@executable_path/Frameworks",
				);
				PRODUCT_BUNDLE_IDENTIFIER = "com.mac.Spec-Repo";
				PRODUCT_NAME = "$(TARGET_NAME)";
				TARGETED_DEVICE_FAMILY = "1,2";
			};
			name = Debug;
		};
		045131222211532700850E8C /* Release */ = {
			isa = XCBuildConfiguration;
			buildSettings = {
				ASSETCATALOG_COMPILER_APPICON_NAME = AppIcon;
				CODE_SIGN_STYLE = Automatic;
				INFOPLIST_FILE = "Spec-Repo/Info.plist";
				LD_RUNPATH_SEARCH_PATHS = (
					"$(inherited)",
					"@executable_path/Frameworks",
				);
				PRODUCT_BUNDLE_IDENTIFIER = "com.mac.Spec-Repo";
				PRODUCT_NAME = "$(TARGET_NAME)";
				TARGETED_DEVICE_FAMILY = "1,2";
			};
			name = Release;
		};
		045131242211532700850E8C /* Debug */ = {
			isa = XCBuildConfiguration;
			buildSettings = {
				BUNDLE_LOADER = "$(TEST_HOST)";
				CODE_SIGN_STYLE = Automatic;
				INFOPLIST_FILE = "Spec-RepoTests/Info.plist";
				LD_RUNPATH_SEARCH_PATHS = (
					"$(inherited)",
					"@executable_path/Frameworks",
					"@loader_path/Frameworks",
				);
				PRODUCT_BUNDLE_IDENTIFIER = "com.mac.Spec-RepoTests";
				PRODUCT_NAME = "$(TARGET_NAME)";
				TARGETED_DEVICE_FAMILY = "1,2";
				TEST_HOST = "$(BUILT_PRODUCTS_DIR)/Spec-Repo.app/Spec-Repo";
			};
			name = Debug;
		};
		045131252211532700850E8C /* Release */ = {
			isa = XCBuildConfiguration;
			buildSettings = {
				BUNDLE_LOADER = "$(TEST_HOST)";
				CODE_SIGN_STYLE = Automatic;
				INFOPLIST_FILE = "Spec-RepoTests/Info.plist";
				LD_RUNPATH_SEARCH_PATHS = (
					"$(inherited)",
					"@executable_path/Frameworks",
					"@loader_path/Frameworks",
				);
				PRODUCT_BUNDLE_IDENTIFIER = "com.mac.Spec-RepoTests";
				PRODUCT_NAME = "$(TARGET_NAME)";
				TARGETED_DEVICE_FAMILY = "1,2";
				TEST_HOST = "$(BUILT_PRODUCTS_DIR)/Spec-Repo.app/Spec-Repo";
			};
			name = Release;
		};
		045131272211532700850E8C /* Debug */ = {
			isa = XCBuildConfiguration;
			buildSettings = {
				CODE_SIGN_STYLE = Automatic;
				INFOPLIST_FILE = "Spec-RepoUITests/Info.plist";
				LD_RUNPATH_SEARCH_PATHS = (
					"$(inherited)",
					"@executable_path/Frameworks",
					"@loader_path/Frameworks",
				);
				PRODUCT_BUNDLE_IDENTIFIER = "com.mac.Spec-RepoUITests";
				PRODUCT_NAME = "$(TARGET_NAME)";
				TARGETED_DEVICE_FAMILY = "1,2";
				TEST_TARGET_NAME = "Spec-Repo";
			};
			name = Debug;
		};
		045131282211532700850E8C /* Release */ = {
			isa = XCBuildConfiguration;
			buildSettings = {
				CODE_SIGN_STYLE = Automatic;
				INFOPLIST_FILE = "Spec-RepoUITests/Info.plist";
				LD_RUNPATH_SEARCH_PATHS = (
					"$(inherited)",
					"@executable_path/Frameworks",
					"@loader_path/Frameworks",
				);
				PRODUCT_BUNDLE_IDENTIFIER = "com.mac.Spec-RepoUITests";
				PRODUCT_NAME = "$(TARGET_NAME)";
				TARGETED_DEVICE_FAMILY = "1,2";
				TEST_TARGET_NAME = "Spec-Repo";
			};
			name = Release;
		};
/* End XCBuildConfiguration section */

/* Begin XCConfigurationList section */
		045130EF2211532300850E8C /* Build configuration list for PBXProject "Spec-Repo" */ = {
			isa = XCConfigurationList;
			buildConfigurations = (
				0451311E2211532700850E8C /* Debug */,
				0451311F2211532700850E8C /* Release */,
			);
			defaultConfigurationIsVisible = 0;
			defaultConfigurationName = Release;
		};
		045131202211532700850E8C /* Build configuration list for PBXNativeTarget "Spec-Repo" */ = {
			isa = XCConfigurationList;
			buildConfigurations = (
				045131212211532700850E8C /* Debug */,
				045131222211532700850E8C /* Release */,
			);
			defaultConfigurationIsVisible = 0;
			defaultConfigurationName = Release;
		};
		045131232211532700850E8C /* Build configuration list for PBXNativeTarget "Spec-RepoTests" */ = {
			isa = XCConfigurationList;
			buildConfigurations = (
				045131242211532700850E8C /* Debug */,
				045131252211532700850E8C /* Release */,
			);
			defaultConfigurationIsVisible = 0;
			defaultConfigurationName = Release;
		};
		045131262211532700850E8C /* Build configuration list for PBXNativeTarget "Spec-RepoUITests" */ = {
			isa = XCConfigurationList;
			buildConfigurations = (
				045131272211532700850E8C /* Debug */,
				045131282211532700850E8C /* Release */,
			);
			defaultConfigurationIsVisible = 0;
			defaultConfigurationName = Release;
		};
/* End XCConfigurationList section */
	};
	rootObject = 045130EC2211532300850E8C /* Project object */;
}
